
Microsoft Visual Studio Solution File, Format Version 12.00
# Visual Studio Version 17
VisualStudioVersion = 17.10.35027.167
MinimumVisualStudioVersion = 10.0.40219.1
Project("{FAE04EC0-301F-11D3-BF4B-00C04F79EFBC}") = "Freezeframes reader", "Freezeframes reader.csproj", "{48EFD877-F03F-4857-AE47-8F90F012A2F8}"
EndProject
Global
	GlobalSection(SolutionConfigurationPlatforms) = preSolution
		Debug|Any CPU = Debug|Any CPU
		Release|Any CPU = Release|Any CPU
	EndGlobalSection
	GlobalSection(ProjectConfigurationPlatforms) = postSolution
		{48EFD877-F03F-4857-AE47-8F90F012A2F8}.Debug|Any CPU.ActiveCfg = Debug|Any CPU
		{48EFD877-F03F-4857-AE47-8F90F012A2F8}.Debug|Any CPU.Build.0 = Debug|Any CPU
		{48EFD877-F03F-4857-AE47-8F90F012A2F8}.Release|Any CPU.ActiveCfg = Release|Any CPU
		{48EFD877-F03F-4857-AE47-8F90F012A2F8}.Release|Any CPU.Build.0 = Release|Any CPU
	EndGlobalSection
	GlobalSection(SolutionProperties) = preSolution
		HideSolutionNode = FALSE
	EndGlobalSection
	GlobalSection(ExtensibilityGlobals) = postSolution
		SolutionGuid = {D63790DE-0E47-4EEE-A1BC-303C788E3FBC}
	EndGlobalSection
EndGlobal
